# This file is automatically @generated by Cargo.
# It is not intended for manual editing.
version = 3

[[package]]
name = "once_cell"
version = "1.16.0"
source = "registry+https://github.com/rust-lang/crates.io-index"
checksum = "86f0b0d4bf799edbc74508c1e8bf170ff5f41238e5f8225603ca7caaae2b7860"

[[package]]
name = "path-absolutize"
version = "3.0.14"
source = "registry+https://github.com/rust-lang/crates.io-index"
checksum = "0f1d4993b16f7325d90c18c3c6a3327db7808752db8d208cea0acee0abd52c52"
dependencies = [
 "path-dedot",
]

[[package]]
name = "path-dedot"
version = "3.0.18"
source = "registry+https://github.com/rust-lang/crates.io-index"
checksum = "9a81540d94551664b72b72829b12bd167c73c9d25fbac0e04fafa8023f7e4901"
dependencies = [
 "once_cell",
]

[[package]]
name = "zfs-undelete"
version = "0.0.1"
dependencies = [
 "path-absolutize",
]
